
Microsoft Visual Studio Solution File, Format Version 12.00
# Visual Studio Version 17
VisualStudioVersion = 17.3.32825.248
MinimumVisualStudioVersion = 10.0.40219.1
Project("{9A19103F-16F7-4668-BE54-9A1E7A4F7556}") = "Hilton Hotels", "Hilton Hotels\Hilton Hotels.csproj", "{6F989CDA-20D1-42D2-BDE3-B4E6E93770C8}"
EndProject
Global
	GlobalSection(SolutionConfigurationPlatforms) = preSolution
		Debug|Any CPU = Debug|Any CPU
		Release|Any CPU = Release|Any CPU
	EndGlobalSection
	GlobalSection(ProjectConfigurationPlatforms) = postSolution
		{6F989CDA-20D1-42D2-BDE3-B4E6E93770C8}.Debug|Any CPU.ActiveCfg = Debug|Any CPU
		{6F989CDA-20D1-42D2-BDE3-B4E6E93770C8}.Debug|Any CPU.Build.0 = Debug|Any CPU
		{6F989CDA-20D1-42D2-BDE3-B4E6E93770C8}.Release|Any CPU.ActiveCfg = Release|Any CPU
		{6F989CDA-20D1-42D2-BDE3-B4E6E93770C8}.Release|Any CPU.Build.0 = Release|Any CPU
	EndGlobalSection
	GlobalSection(SolutionProperties) = preSolution
		HideSolutionNode = FALSE
	EndGlobalSection
	GlobalSection(ExtensibilityGlobals) = postSolution
		SolutionGuid = {6FC356F3-AA5A-4332-8552-C691DC44C5BC}
	EndGlobalSection
EndGlobal
